
Microsoft Visual Studio Solution File, Format Version 12.00
# Visual Studio Version 16
VisualStudioVersion = 16.0.30503.244
MinimumVisualStudioVersion = 10.0.40219.1
Project("{FAE04EC0-301F-11D3-BF4B-00C04F79EFBC}") = "Practical 5.2", "Practical 5.2\Practical 5.2.csproj", "{0DBE5642-8925-4A7D-AA54-172D9CC71A47}"
EndProject
Global
	GlobalSection(SolutionConfigurationPlatforms) = preSolution
		Debug|Any CPU = Debug|Any CPU
		Release|Any CPU = Release|Any CPU
	EndGlobalSection
	GlobalSection(ProjectConfigurationPlatforms) = postSolution
		{0DBE5642-8925-4A7D-AA54-172D9CC71A47}.Debug|Any CPU.ActiveCfg = Debug|Any CPU
		{0DBE5642-8925-4A7D-AA54-172D9CC71A47}.Debug|Any CPU.Build.0 = Debug|Any CPU
		{0DBE5642-8925-4A7D-AA54-172D9CC71A47}.Release|Any CPU.ActiveCfg = Release|Any CPU
		{0DBE5642-8925-4A7D-AA54-172D9CC71A47}.Release|Any CPU.Build.0 = Release|Any CPU
	EndGlobalSection
	GlobalSection(SolutionProperties) = preSolution
		HideSolutionNode = FALSE
	EndGlobalSection
	GlobalSection(ExtensibilityGlobals) = postSolution
		SolutionGuid = {32F1AEE6-4643-4492-8DF5-9E37889904B1}
	EndGlobalSection
EndGlobal
