
Microsoft Visual Studio Solution File, Format Version 12.00
# Visual Studio Version 16
VisualStudioVersion = 16.0.30503.244
MinimumVisualStudioVersion = 10.0.40219.1
Project("{FAE04EC0-301F-11D3-BF4B-00C04F79EFBC}") = "Practical 4.2", "Practical 4.2\Practical 4.2.csproj", "{E8924EC9-F987-4684-A4A8-CCF954042FFC}"
EndProject
Global
	GlobalSection(SolutionConfigurationPlatforms) = preSolution
		Debug|Any CPU = Debug|Any CPU
		Release|Any CPU = Release|Any CPU
	EndGlobalSection
	GlobalSection(ProjectConfigurationPlatforms) = postSolution
		{E8924EC9-F987-4684-A4A8-CCF954042FFC}.Debug|Any CPU.ActiveCfg = Debug|Any CPU
		{E8924EC9-F987-4684-A4A8-CCF954042FFC}.Debug|Any CPU.Build.0 = Debug|Any CPU
		{E8924EC9-F987-4684-A4A8-CCF954042FFC}.Release|Any CPU.ActiveCfg = Release|Any CPU
		{E8924EC9-F987-4684-A4A8-CCF954042FFC}.Release|Any CPU.Build.0 = Release|Any CPU
	EndGlobalSection
	GlobalSection(SolutionProperties) = preSolution
		HideSolutionNode = FALSE
	EndGlobalSection
	GlobalSection(ExtensibilityGlobals) = postSolution
		SolutionGuid = {A0F5784B-7F31-4E40-A4DC-2A18C84EF7DA}
	EndGlobalSection
EndGlobal
