
Microsoft Visual Studio Solution File, Format Version 12.00
# Visual Studio Version 16
VisualStudioVersion = 16.0.30517.126
MinimumVisualStudioVersion = 10.0.40219.1
Project("{FAE04EC0-301F-11D3-BF4B-00C04F79EFBC}") = "Serialization", "Serialization.csproj", "{2C578403-1411-4A95-A560-D945A5FD034B}"
EndProject
Global
	GlobalSection(SolutionConfigurationPlatforms) = preSolution
		Debug|Any CPU = Debug|Any CPU
		Release|Any CPU = Release|Any CPU
	EndGlobalSection
	GlobalSection(ProjectConfigurationPlatforms) = postSolution
		{2C578403-1411-4A95-A560-D945A5FD034B}.Debug|Any CPU.ActiveCfg = Debug|Any CPU
		{2C578403-1411-4A95-A560-D945A5FD034B}.Debug|Any CPU.Build.0 = Debug|Any CPU
		{2C578403-1411-4A95-A560-D945A5FD034B}.Release|Any CPU.ActiveCfg = Release|Any CPU
		{2C578403-1411-4A95-A560-D945A5FD034B}.Release|Any CPU.Build.0 = Release|Any CPU
	EndGlobalSection
	GlobalSection(SolutionProperties) = preSolution
		HideSolutionNode = FALSE
	EndGlobalSection
	GlobalSection(ExtensibilityGlobals) = postSolution
		SolutionGuid = {8AA46DAD-9D87-4B50-94EC-F4C4FBAC166C}
	EndGlobalSection
EndGlobal
