
Microsoft Visual Studio Solution File, Format Version 12.00
# Visual Studio Version 16
VisualStudioVersion = 16.0.30517.126
MinimumVisualStudioVersion = 10.0.40219.1
Project("{FAE04EC0-301F-11D3-BF4B-00C04F79EFBC}") = "Dictionary -Them-Sua-Xoa", "Dictionary -Them-Sua-Xoa\Dictionary -Them-Sua-Xoa.csproj", "{78B8C841-D8A8-4B7C-9A37-887BEE11703F}"
EndProject
Global
	GlobalSection(SolutionConfigurationPlatforms) = preSolution
		Debug|Any CPU = Debug|Any CPU
		Release|Any CPU = Release|Any CPU
	EndGlobalSection
	GlobalSection(ProjectConfigurationPlatforms) = postSolution
		{78B8C841-D8A8-4B7C-9A37-887BEE11703F}.Debug|Any CPU.ActiveCfg = Debug|Any CPU
		{78B8C841-D8A8-4B7C-9A37-887BEE11703F}.Debug|Any CPU.Build.0 = Debug|Any CPU
		{78B8C841-D8A8-4B7C-9A37-887BEE11703F}.Release|Any CPU.ActiveCfg = Release|Any CPU
		{78B8C841-D8A8-4B7C-9A37-887BEE11703F}.Release|Any CPU.Build.0 = Release|Any CPU
	EndGlobalSection
	GlobalSection(SolutionProperties) = preSolution
		HideSolutionNode = FALSE
	EndGlobalSection
	GlobalSection(ExtensibilityGlobals) = postSolution
		SolutionGuid = {A1660860-2201-4377-AAE7-516F78C4F46C}
	EndGlobalSection
EndGlobal
