
Microsoft Visual Studio Solution File, Format Version 12.00
# Visual Studio Version 16
VisualStudioVersion = 16.0.30517.126
MinimumVisualStudioVersion = 10.0.40219.1
Project("{FAE04EC0-301F-11D3-BF4B-00C04F79EFBC}") = "Ham generics", "Ham generics\Ham generics.csproj", "{752A9666-B1C6-480B-928A-9876C61CFE26}"
EndProject
Global
	GlobalSection(SolutionConfigurationPlatforms) = preSolution
		Debug|Any CPU = Debug|Any CPU
		Release|Any CPU = Release|Any CPU
	EndGlobalSection
	GlobalSection(ProjectConfigurationPlatforms) = postSolution
		{752A9666-B1C6-480B-928A-9876C61CFE26}.Debug|Any CPU.ActiveCfg = Debug|Any CPU
		{752A9666-B1C6-480B-928A-9876C61CFE26}.Debug|Any CPU.Build.0 = Debug|Any CPU
		{752A9666-B1C6-480B-928A-9876C61CFE26}.Release|Any CPU.ActiveCfg = Release|Any CPU
		{752A9666-B1C6-480B-928A-9876C61CFE26}.Release|Any CPU.Build.0 = Release|Any CPU
	EndGlobalSection
	GlobalSection(SolutionProperties) = preSolution
		HideSolutionNode = FALSE
	EndGlobalSection
	GlobalSection(ExtensibilityGlobals) = postSolution
		SolutionGuid = {9890AE3B-F331-4EF3-BDB4-9B3E8469576F}
	EndGlobalSection
EndGlobal
