
Microsoft Visual Studio Solution File, Format Version 12.00
# Visual Studio Version 16
VisualStudioVersion = 16.0.30517.126
MinimumVisualStudioVersion = 10.0.40219.1
Project("{FAE04EC0-301F-11D3-BF4B-00C04F79EFBC}") = "ArrayList-Them-Sua-Xoa", "ArrayList-Them-Sua-Xoa\ArrayList-Them-Sua-Xoa.csproj", "{024C6A8F-FB84-4218-A8AB-382DB81EB76F}"
EndProject
Global
	GlobalSection(SolutionConfigurationPlatforms) = preSolution
		Debug|Any CPU = Debug|Any CPU
		Release|Any CPU = Release|Any CPU
	EndGlobalSection
	GlobalSection(ProjectConfigurationPlatforms) = postSolution
		{024C6A8F-FB84-4218-A8AB-382DB81EB76F}.Debug|Any CPU.ActiveCfg = Debug|Any CPU
		{024C6A8F-FB84-4218-A8AB-382DB81EB76F}.Debug|Any CPU.Build.0 = Debug|Any CPU
		{024C6A8F-FB84-4218-A8AB-382DB81EB76F}.Release|Any CPU.ActiveCfg = Release|Any CPU
		{024C6A8F-FB84-4218-A8AB-382DB81EB76F}.Release|Any CPU.Build.0 = Release|Any CPU
	EndGlobalSection
	GlobalSection(SolutionProperties) = preSolution
		HideSolutionNode = FALSE
	EndGlobalSection
	GlobalSection(ExtensibilityGlobals) = postSolution
		SolutionGuid = {97B55304-C110-476D-9370-B7B403564D60}
	EndGlobalSection
EndGlobal
