
Microsoft Visual Studio Solution File, Format Version 12.00
# Visual Studio Version 16
VisualStudioVersion = 16.0.30503.244
MinimumVisualStudioVersion = 10.0.40219.1
Project("{FAE04EC0-301F-11D3-BF4B-00C04F79EFBC}") = "Practical 5.1", "Practical 5.1\Practical 5.1.csproj", "{67881395-A47A-4553-9293-F024A1824192}"
EndProject
Global
	GlobalSection(SolutionConfigurationPlatforms) = preSolution
		Debug|Any CPU = Debug|Any CPU
		Release|Any CPU = Release|Any CPU
	EndGlobalSection
	GlobalSection(ProjectConfigurationPlatforms) = postSolution
		{67881395-A47A-4553-9293-F024A1824192}.Debug|Any CPU.ActiveCfg = Debug|Any CPU
		{67881395-A47A-4553-9293-F024A1824192}.Debug|Any CPU.Build.0 = Debug|Any CPU
		{67881395-A47A-4553-9293-F024A1824192}.Release|Any CPU.ActiveCfg = Release|Any CPU
		{67881395-A47A-4553-9293-F024A1824192}.Release|Any CPU.Build.0 = Release|Any CPU
	EndGlobalSection
	GlobalSection(SolutionProperties) = preSolution
		HideSolutionNode = FALSE
	EndGlobalSection
	GlobalSection(ExtensibilityGlobals) = postSolution
		SolutionGuid = {6DE598D4-4869-4ED1-B332-F43CCCCD94B2}
	EndGlobalSection
EndGlobal
