
Microsoft Visual Studio Solution File, Format Version 12.00
# Visual Studio Version 16
VisualStudioVersion = 16.0.30517.126
MinimumVisualStudioVersion = 10.0.40219.1
Project("{FAE04EC0-301F-11D3-BF4B-00C04F79EFBC}") = "Thi cuoi mon", "Thi cuoi mon\Thi cuoi mon.csproj", "{61FB6BE8-CD9D-4BD4-88B2-FDFB97D14F45}"
EndProject
Global
	GlobalSection(SolutionConfigurationPlatforms) = preSolution
		Debug|Any CPU = Debug|Any CPU
		Release|Any CPU = Release|Any CPU
	EndGlobalSection
	GlobalSection(ProjectConfigurationPlatforms) = postSolution
		{61FB6BE8-CD9D-4BD4-88B2-FDFB97D14F45}.Debug|Any CPU.ActiveCfg = Debug|Any CPU
		{61FB6BE8-CD9D-4BD4-88B2-FDFB97D14F45}.Debug|Any CPU.Build.0 = Debug|Any CPU
		{61FB6BE8-CD9D-4BD4-88B2-FDFB97D14F45}.Release|Any CPU.ActiveCfg = Release|Any CPU
		{61FB6BE8-CD9D-4BD4-88B2-FDFB97D14F45}.Release|Any CPU.Build.0 = Release|Any CPU
	EndGlobalSection
	GlobalSection(SolutionProperties) = preSolution
		HideSolutionNode = FALSE
	EndGlobalSection
	GlobalSection(ExtensibilityGlobals) = postSolution
		SolutionGuid = {BCCC353E-70A2-4B05-A51C-73D58397ED96}
	EndGlobalSection
EndGlobal
